// !$*UTF8*$!
{
	archiveVersion = 1;
	classes = {
	};
	objectVersion = 46;
	objects = {

/* Begin PBXBuildFile section */
		6DE56BCB70E8D5DF1D161B31 /* Pods_WeatherApp.framework in Frameworks */ = {isa = PBXBuildFile; fileRef = 96BC99C030A11DCBB0B497F6 /* Pods_WeatherApp.framework */; };
		C23F1EEA1C4C12DF003FAAC0 /* HourlyForecast.swift in Sources */ = {isa = PBXBuildFile; fileRef = C23F1EE91C4C12DF003FAAC0 /* HourlyForecast.swift */; };
		C2B786C11C44A4130077DFDE /* AppDelegate.swift in Sources */ = {isa = PBXBuildFile; fileRef = C2B786C01C44A4130077DFDE /* AppDelegate.swift */; };
		C2B786C31C44A4130077DFDE /* RootViewController.swift in Sources */ = {isa = PBXBuildFile; fileRef = C2B786C21C44A4130077DFDE /* RootViewController.swift */; };
		C2B786C51C44A4130077DFDE /* DataViewController.swift in Sources */ = {isa = PBXBuildFile; fileRef = C2B786C41C44A4130077DFDE /* DataViewController.swift */; };
		C2B786C71C44A4130077DFDE /* ModelController.swift in Sources */ = {isa = PBXBuildFile; fileRef = C2B786C61C44A4130077DFDE /* ModelController.swift */; };
		C2B786CC1C44A4130077DFDE /* Assets.xcassets in Resources */ = {isa = PBXBuildFile; fileRef = C2B786CB1C44A4130077DFDE /* Assets.xcassets */; };
		C2B786CF1C44A4130077DFDE /* LaunchScreen.storyboard in Resources */ = {isa = PBXBuildFile; fileRef = C2B786CD1C44A4130077DFDE /* LaunchScreen.storyboard */; };
		C2B786D71C44A44D0077DFDE /* Main.storyboard in Resources */ = {isa = PBXBuildFile; fileRef = C2B786D61C44A44D0077DFDE /* Main.storyboard */; };
		C2B786D91C44B9840077DFDE /* WeatherPageVC.swift in Sources */ = {isa = PBXBuildFile; fileRef = C2B786D81C44B9840077DFDE /* WeatherPageVC.swift */; };
		C2B786DB1C45EE180077DFDE /* Weekday.swift in Sources */ = {isa = PBXBuildFile; fileRef = C2B786DA1C45EE180077DFDE /* Weekday.swift */; };
		C2B786E01C45F4130077DFDE /* DataService.swift in Sources */ = {isa = PBXBuildFile; fileRef = C2B786DF1C45F4130077DFDE /* DataService.swift */; };
		C2B787001C4894D70077DFDE /* Constants.swift in Sources */ = {isa = PBXBuildFile; fileRef = C2B786FF1C4894D70077DFDE /* Constants.swift */; };
		C2B787021C49DFE50077DFDE /* README.md in Sources */ = {isa = PBXBuildFile; fileRef = C2B787011C49DFE50077DFDE /* README.md */; };
		C2B787041C4A0F660077DFDE /* DayForecastCell.swift in Sources */ = {isa = PBXBuildFile; fileRef = C2B787031C4A0F660077DFDE /* DayForecastCell.swift */; };
/* End PBXBuildFile section */

/* Begin PBXFileReference section */
		52CBB8A2DD46B0A6C965C07B /* Pods-WeatherApp.release.xcconfig */ = {isa = PBXFileReference; includeInIndex = 1; lastKnownFileType = text.xcconfig; name = "Pods-WeatherApp.release.xcconfig"; path = "Pods/Target Support Files/Pods-WeatherApp/Pods-WeatherApp.release.xcconfig"; sourceTree = "<group>"; };
		96BC99C030A11DCBB0B497F6 /* Pods_WeatherApp.framework */ = {isa = PBXFileReference; explicitFileType = wrapper.framework; includeInIndex = 0; path = Pods_WeatherApp.framework; sourceTree = BUILT_PRODUCTS_DIR; };
		C23F1EE91C4C12DF003FAAC0 /* HourlyForecast.swift */ = {isa = PBXFileReference; fileEncoding = 4; lastKnownFileType = sourcecode.swift; path = HourlyForecast.swift; sourceTree = "<group>"; };
		C2B786BD1C44A4130077DFDE /* WeatherApp.app */ = {isa = PBXFileReference; explicitFileType = wrapper.application; includeInIndex = 0; path = WeatherApp.app; sourceTree = BUILT_PRODUCTS_DIR; };
		C2B786C01C44A4130077DFDE /* AppDelegate.swift */ = {isa = PBXFileReference; lastKnownFileType = sourcecode.swift; path = AppDelegate.swift; sourceTree = "<group>"; };
		C2B786C21C44A4130077DFDE /* RootViewController.swift */ = {isa = PBXFileReference; lastKnownFileType = sourcecode.swift; path = RootViewController.swift; sourceTree = "<group>"; };
		C2B786C41C44A4130077DFDE /* DataViewController.swift */ = {isa = PBXFileReference; lastKnownFileType = sourcecode.swift; path = DataViewController.swift; sourceTree = "<group>"; };
		C2B786C61C44A4130077DFDE /* ModelController.swift */ = {isa = PBXFileReference; lastKnownFileType = sourcecode.swift; path = ModelController.swift; sourceTree = "<group>"; };
		C2B786CB1C44A4130077DFDE /* Assets.xcassets */ = {isa = PBXFileReference; lastKnownFileType = folder.assetcatalog; path = Assets.xcassets; sourceTree = "<group>"; };
		C2B786CE1C44A4130077DFDE /* Base */ = {isa = PBXFileReference; lastKnownFileType = file.storyboard; name = Base; path = Base.lproj/LaunchScreen.storyboard; sourceTree = "<group>"; };
		C2B786D01C44A4130077DFDE /* Info.plist */ = {isa = PBXFileReference; lastKnownFileType = text.plist.xml; path = Info.plist; sourceTree = "<group>"; };
		C2B786D61C44A44D0077DFDE /* Main.storyboard */ = {isa = PBXFileReference; fileEncoding = 4; lastKnownFileType = file.storyboard; path = Main.storyboard; sourceTree = "<group>"; };
		C2B786D81C44B9840077DFDE /* WeatherPageVC.swift */ = {isa = PBXFileReference; fileEncoding = 4; lastKnownFileType = sourcecode.swift; path = WeatherPageVC.swift; sourceTree = "<group>"; };
		C2B786DA1C45EE180077DFDE /* Weekday.swift */ = {isa = PBXFileReference; fileEncoding = 4; lastKnownFileType = sourcecode.swift; path = Weekday.swift; sourceTree = "<group>"; };
		C2B786DF1C45F4130077DFDE /* DataService.swift */ = {isa = PBXFileReference; fileEncoding = 4; lastKnownFileType = sourcecode.swift; path = DataService.swift; sourceTree = "<group>"; };
		C2B786FF1C4894D70077DFDE /* Constants.swift */ = {isa = PBXFileReference; fileEncoding = 4; lastKnownFileType = sourcecode.swift; path = Constants.swift; sourceTree = "<group>"; };
		C2B787011C49DFE50077DFDE /* README.md */ = {isa = PBXFileReference; fileEncoding = 4; lastKnownFileType = net.daringfireball.markdown; path = README.md; sourceTree = "<group>"; };
		C2B787031C4A0F660077DFDE /* DayForecastCell.swift */ = {isa = PBXFileReference; fileEncoding = 4; lastKnownFileType = sourcecode.swift; path = DayForecastCell.swift; sourceTree = "<group>"; };
		EF4E3861C638742EACF205FB /* Pods-WeatherApp.debug.xcconfig */ = {isa = PBXFileReference; includeInIndex = 1; lastKnownFileType = text.xcconfig; name = "Pods-WeatherApp.debug.xcconfig"; path = "Pods/Target Support Files/Pods-WeatherApp/Pods-WeatherApp.debug.xcconfig"; sourceTree = "<group>"; };
/* End PBXFileReference section */

/* Begin PBXFrameworksBuildPhase section */
		C2B786BA1C44A4130077DFDE /* Frameworks */ = {
			isa = PBXFrameworksBuildPhase;
			buildActionMask = 2147483647;
			files = (
				6DE56BCB70E8D5DF1D161B31 /* Pods_WeatherApp.framework in Frameworks */,
			);
			runOnlyForDeploymentPostprocessing = 0;
		};
/* End PBXFrameworksBuildPhase section */

/* Begin PBXGroup section */
		90DD03E4E8B8C4F25EFF6651 /* Pods */ = {
			isa = PBXGroup;
			children = (
				EF4E3861C638742EACF205FB /* Pods-WeatherApp.debug.xcconfig */,
				52CBB8A2DD46B0A6C965C07B /* Pods-WeatherApp.release.xcconfig */,
			);
			name = Pods;
			sourceTree = "<group>";
		};
		C2B786B41C44A4130077DFDE = {
			isa = PBXGroup;
			children = (
				C2B787011C49DFE50077DFDE /* README.md */,
				C2B786BF1C44A4130077DFDE /* WeatherApp */,
				C2B786BE1C44A4130077DFDE /* Products */,
				90DD03E4E8B8C4F25EFF6651 /* Pods */,
				D425E092E5B2B2EAD1751A50 /* Frameworks */,
			);
			sourceTree = "<group>";
		};
		C2B786BE1C44A4130077DFDE /* Products */ = {
			isa = PBXGroup;
			children = (
				C2B786BD1C44A4130077DFDE /* WeatherApp.app */,
			);
			name = Products;
			sourceTree = "<group>";
		};
		C2B786BF1C44A4130077DFDE /* WeatherApp */ = {
			isa = PBXGroup;
			children = (
				C2B786DC1C45EE240077DFDE /* Model */,
				C2B786DD1C45EE280077DFDE /* View */,
				C2B786DE1C45EE2E0077DFDE /* Controller */,
				C2B786CB1C44A4130077DFDE /* Assets.xcassets */,
				C2B786D01C44A4130077DFDE /* Info.plist */,
			);
			path = WeatherApp;
			sourceTree = "<group>";
		};
		C2B786DC1C45EE240077DFDE /* Model */ = {
			isa = PBXGroup;
			children = (
				C2B786DA1C45EE180077DFDE /* Weekday.swift */,
				C23F1EE91C4C12DF003FAAC0 /* HourlyForecast.swift */,
				C2B786DF1C45F4130077DFDE /* DataService.swift */,
				C2B786FF1C4894D70077DFDE /* Constants.swift */,
			);
			name = Model;
			sourceTree = "<group>";
		};
		C2B786DD1C45EE280077DFDE /* View */ = {
			isa = PBXGroup;
			children = (
				C2B786CD1C44A4130077DFDE /* LaunchScreen.storyboard */,
				C2B786D61C44A44D0077DFDE /* Main.storyboard */,
				C2B787031C4A0F660077DFDE /* DayForecastCell.swift */,
			);
			name = View;
			sourceTree = "<group>";
		};
		C2B786DE1C45EE2E0077DFDE /* Controller */ = {
			isa = PBXGroup;
			children = (
				C2B786C01C44A4130077DFDE /* AppDelegate.swift */,
				C2B786C61C44A4130077DFDE /* ModelController.swift */,
				C2B786C41C44A4130077DFDE /* DataViewController.swift */,
				C2B786D81C44B9840077DFDE /* WeatherPageVC.swift */,
				C2B786C21C44A4130077DFDE /* RootViewController.swift */,
			);
			name = Controller;
			sourceTree = "<group>";
		};
		D425E092E5B2B2EAD1751A50 /* Frameworks */ = {
			isa = PBXGroup;
			children = (
				96BC99C030A11DCBB0B497F6 /* Pods_WeatherApp.framework */,
			);
			name = Frameworks;
			sourceTree = "<group>";
		};
/* End PBXGroup section */

/* Begin PBXNativeTarget section */
		C2B786BC1C44A4130077DFDE /* WeatherApp */ = {
			isa = PBXNativeTarget;
			buildConfigurationList = C2B786D31C44A4130077DFDE /* Build configuration list for PBXNativeTarget "WeatherApp" */;
			buildPhases = (
				81C65291EF6F92C7EC133832 /* Check Pods Manifest.lock */,
				C2B786B91C44A4130077DFDE /* Sources */,
				C2B786BA1C44A4130077DFDE /* Frameworks */,
				C2B786BB1C44A4130077DFDE /* Resources */,
				225B5625DE811034A315E745 /* Embed Pods Frameworks */,
				F637AD1BD440CCAFDA2DF61F /* Copy Pods Resources */,
			);
			buildRules = (
			);
			dependencies = (
			);
			name = WeatherApp;
			productName = WeatherApp;
			productReference = C2B786BD1C44A4130077DFDE /* WeatherApp.app */;
			productType = "com.apple.product-type.application";
		};
/* End PBXNativeTarget section */

/* Begin PBXProject section */
		C2B786B51C44A4130077DFDE /* Project object */ = {
			isa = PBXProject;
			attributes = {
				LastSwiftUpdateCheck = 0720;
				LastUpgradeCheck = 0720;
				ORGANIZATIONNAME = "Matt Jennings";
				TargetAttributes = {
					C2B786BC1C44A4130077DFDE = {
						CreatedOnToolsVersion = 7.2;
						DevelopmentTeam = DXZ9N5DP28;
					};
				};
			};
			buildConfigurationList = C2B786B81C44A4130077DFDE /* Build configuration list for PBXProject "WeatherApp" */;
			compatibilityVersion = "Xcode 3.2";
			developmentRegion = English;
			hasScannedForEncodings = 0;
			knownRegions = (
				en,
				Base,
			);
			mainGroup = C2B786B41C44A4130077DFDE;
			productRefGroup = C2B786BE1C44A4130077DFDE /* Products */;
			projectDirPath = "";
			projectRoot = "";
			targets = (
				C2B786BC1C44A4130077DFDE /* WeatherApp */,
			);
		};
/* End PBXProject section */

/* Begin PBXResourcesBuildPhase section */
		C2B786BB1C44A4130077DFDE /* Resources */ = {
			isa = PBXResourcesBuildPhase;
			buildActionMask = 2147483647;
			files = (
				C2B786D71C44A44D0077DFDE /* Main.storyboard in Resources */,
				C2B786CF1C44A4130077DFDE /* LaunchScreen.storyboard in Resources */,
				C2B786CC1C44A4130077DFDE /* Assets.xcassets in Resources */,
			);
			runOnlyForDeploymentPostprocessing = 0;
		};
/* End PBXResourcesBuildPhase section */

/* Begin PBXShellScriptBuildPhase section */
		225B5625DE811034A315E745 /* Embed Pods Frameworks */ = {
			isa = PBXShellScriptBuildPhase;
			buildActionMask = 2147483647;
			files = (
			);
			inputPaths = (
			);
			name = "Embed Pods Frameworks";
			outputPaths = (
			);
			runOnlyForDeploymentPostprocessing = 0;
			shellPath = /bin/sh;
			shellScript = "\"${SRCROOT}/Pods/Target Support Files/Pods-WeatherApp/Pods-WeatherApp-frameworks.sh\"\n";
			showEnvVarsInLog = 0;
		};
		81C65291EF6F92C7EC133832 /* Check Pods Manifest.lock */ = {
			isa = PBXShellScriptBuildPhase;
			buildActionMask = 2147483647;
			files = (
			);
			inputPaths = (
			);
			name = "Check Pods Manifest.lock";
			outputPaths = (
			);
			runOnlyForDeploymentPostprocessing = 0;
			shellPath = /bin/sh;
			shellScript = "diff \"${PODS_ROOT}/../Podfile.lock\" \"${PODS_ROOT}/Manifest.lock\" > /dev/null\nif [[ $? != 0 ]] ; then\n    cat << EOM\nerror: The sandbox is not in sync with the Podfile.lock. Run 'pod install' or update your CocoaPods installation.\nEOM\n    exit 1\nfi\n";
			showEnvVarsInLog = 0;
		};
		F637AD1BD440CCAFDA2DF61F /* Copy Pods Resources */ = {
			isa = PBXShellScriptBuildPhase;
			buildActionMask = 2147483647;
			files = (
			);
			inputPaths = (
			);
			name = "Copy Pods Resources";
			outputPaths = (
			);
			runOnlyForDeploymentPostprocessing = 0;
			shellPath = /bin/sh;
			shellScript = "\"${SRCROOT}/Pods/Target Support Files/Pods-WeatherApp/Pods-WeatherApp-resources.sh\"\n";
			showEnvVarsInLog = 0;
		};
/* End PBXShellScriptBuildPhase section */

/* Begin PBXSourcesBuildPhase section */
		C2B786B91C44A4130077DFDE /* Sources */ = {
			isa = PBXSourcesBuildPhase;
			buildActionMask = 2147483647;
			files = (
				C2B786D91C44B9840077DFDE /* WeatherPageVC.swift in Sources */,
				C2B786E01C45F4130077DFDE /* DataService.swift in Sources */,
				C2B786C31C44A4130077DFDE /* RootViewController.swift in Sources */,
				C2B787041C4A0F660077DFDE /* DayForecastCell.swift in Sources */,
				C2B786DB1C45EE180077DFDE /* Weekday.swift in Sources */,
				C2B786C71C44A4130077DFDE /* ModelController.swift in Sources */,
				C2B786C51C44A4130077DFDE /* DataViewController.swift in Sources */,
				C2B787021C49DFE50077DFDE /* README.md in Sources */,
				C23F1EEA1C4C12DF003FAAC0 /* HourlyForecast.swift in Sources */,
				C2B786C11C44A4130077DFDE /* AppDelegate.swift in Sources */,
				C2B787001C4894D70077DFDE /* Constants.swift in Sources */,
			);
			runOnlyForDeploymentPostprocessing = 0;
		};
/* End PBXSourcesBuildPhase section */

/* Begin PBXVariantGroup section */
		C2B786CD1C44A4130077DFDE /* LaunchScreen.storyboard */ = {
			isa = PBXVariantGroup;
			children = (
				C2B786CE1C44A4130077DFDE /* Base */,
			);
			name = LaunchScreen.storyboard;
			sourceTree = "<group>";
		};
/* End PBXVariantGroup section */

/* Begin XCBuildConfiguration section */
		C2B786D11C44A4130077DFDE /* Debug */ = {
			isa = XCBuildConfiguration;
			buildSettings = {
				ALWAYS_SEARCH_USER_PATHS = NO;
				CLANG_CXX_LANGUAGE_STANDARD = "gnu++0x";
				CLANG_CXX_LIBRARY = "libc++";
				CLANG_ENABLE_MODULES = YES;
				CLANG_ENABLE_OBJC_ARC = YES;
				CLANG_WARN_BOOL_CONVERSION = YES;
				CLANG_WARN_CONSTANT_CONVERSION = YES;
				CLANG_WARN_DIRECT_OBJC_ISA_USAGE = YES_ERROR;
				CLANG_WARN_EMPTY_BODY = YES;
				CLANG_WARN_ENUM_CONVERSION = YES;
				CLANG_WARN_INT_CONVERSION = YES;
				CLANG_WARN_OBJC_ROOT_CLASS = YES_ERROR;
				CLANG_WARN_UNREACHABLE_CODE = YES;
				CLANG_WARN__DUPLICATE_METHOD_MATCH = YES;
				"CODE_SIGN_IDENTITY[sdk=iphoneos*]" = "iPhone Developer";
				COPY_PHASE_STRIP = NO;
				DEBUG_INFORMATION_FORMAT = dwarf;
				ENABLE_STRICT_OBJC_MSGSEND = YES;
				ENABLE_TESTABILITY = YES;
				GCC_C_LANGUAGE_STANDARD = gnu99;
				GCC_DYNAMIC_NO_PIC = NO;
				GCC_NO_COMMON_BLOCKS = YES;
				GCC_OPTIMIZATION_LEVEL = 0;
				GCC_PREPROCESSOR_DEFINITIONS = (
					"DEBUG=1",
					"$(inherited)",
				);
				GCC_WARN_64_TO_32_BIT_CONVERSION = YES;
				GCC_WARN_ABOUT_RETURN_TYPE = YES_ERROR;
				GCC_WARN_UNDECLARED_SELECTOR = YES;
				GCC_WARN_UNINITIALIZED_AUTOS = YES_AGGRESSIVE;
				GCC_WARN_UNUSED_FUNCTION = YES;
				GCC_WARN_UNUSED_VARIABLE = YES;
				IPHONEOS_DEPLOYMENT_TARGET = 9.2;
				MTL_ENABLE_DEBUG_INFO = YES;
				ONLY_ACTIVE_ARCH = YES;
				SDKROOT = iphoneos;
				SWIFT_OPTIMIZATION_LEVEL = "-Onone";
				TARGETED_DEVICE_FAMILY = "1,2";
			};
			name = Debug;
		};
		C2B786D21C44A4130077DFDE /* Release */ = {
			isa = XCBuildConfiguration;
			buildSettings = {
				ALWAYS_SEARCH_USER_PATHS = NO;
				CLANG_CXX_LANGUAGE_STANDARD = "gnu++0x";
				CLANG_CXX_LIBRARY = "libc++";
				CLANG_ENABLE_MODULES = YES;
				CLANG_ENABLE_OBJC_ARC = YES;
				CLANG_WARN_BOOL_CONVERSION = YES;
				CLANG_WARN_CONSTANT_CONVERSION = YES;
				CLANG_WARN_DIRECT_OBJC_ISA_USAGE = YES_ERROR;
				CLANG_WARN_EMPTY_BODY = YES;
				CLANG_WARN_ENUM_CONVERSION = YES;
				CLANG_WARN_INT_CONVERSION = YES;
				CLANG_WARN_OBJC_ROOT_CLASS = YES_ERROR;
				CLANG_WARN_UNREACHABLE_CODE = YES;
				CLANG_WARN__DUPLICATE_METHOD_MATCH = YES;
				"CODE_SIGN_IDENTITY[sdk=iphoneos*]" = "iPhone Developer";
				COPY_PHASE_STRIP = NO;
				DEBUG_INFORMATION_FORMAT = "dwarf-with-dsym";
				ENABLE_NS_ASSERTIONS = NO;
				ENABLE_STRICT_OBJC_MSGSEND = YES;
				GCC_C_LANGUAGE_STANDARD = gnu99;
				GCC_NO_COMMON_BLOCKS = YES;
				GCC_WARN_64_TO_32_BIT_CONVERSION = YES;
				GCC_WARN_ABOUT_RETURN_TYPE = YES_ERROR;
				GCC_WARN_UNDECLARED_SELECTOR = YES;
				GCC_WARN_UNINITIALIZED_AUTOS = YES_AGGRESSIVE;
				GCC_WARN_UNUSED_FUNCTION = YES;
				GCC_WARN_UNUSED_VARIABLE = YES;
				IPHONEOS_DEPLOYMENT_TARGET = 9.2;
				MTL_ENABLE_DEBUG_INFO = NO;
				SDKROOT = iphoneos;
				TARGETED_DEVICE_FAMILY = "1,2";
				VALIDATE_PRODUCT = YES;
			};
			name = Release;
		};
		C2B786D41C44A4130077DFDE /* Debug */ = {
			isa = XCBuildConfiguration;
			baseConfigurationReference = EF4E3861C638742EACF205FB /* Pods-WeatherApp.debug.xcconfig */;
			buildSettings = {
				ASSETCATALOG_COMPILER_APPICON_NAME = AppIcon;
				CODE_SIGN_IDENTITY = "iPhone Distribution";
				"CODE_SIGN_IDENTITY[sdk=iphoneos*]" = "iPhone Distribution: Matthew Jennings (DXZ9N5DP28)";
				INFOPLIST_FILE = WeatherApp/Info.plist;
				IPHONEOS_DEPLOYMENT_TARGET = 9.2;
				LD_RUNPATH_SEARCH_PATHS = "$(inherited) @executable_path/Frameworks";
				PRODUCT_BUNDLE_IDENTIFIER = com.dormgames.simpleweather;
				PRODUCT_NAME = "$(TARGET_NAME)";
				PROVISIONING_PROFILE = "ad3b84a2-74a7-4202-8bcd-9a08fe4c72b9";
			};
			name = Debug;
		};
		C2B786D51C44A4130077DFDE /* Release */ = {
			isa = XCBuildConfiguration;
			baseConfigurationReference = 52CBB8A2DD46B0A6C965C07B /* Pods-WeatherApp.release.xcconfig */;
			buildSettings = {
				ASSETCATALOG_COMPILER_APPICON_NAME = AppIcon;
				CODE_SIGN_IDENTITY = "iPhone Distribution";
				"CODE_SIGN_IDENTITY[sdk=iphoneos*]" = "iPhone Distribution: Matthew Jennings (DXZ9N5DP28)";
				INFOPLIST_FILE = WeatherApp/Info.plist;
				IPHONEOS_DEPLOYMENT_TARGET = 9.2;
				LD_RUNPATH_SEARCH_PATHS = "$(inherited) @executable_path/Frameworks";
				PRODUCT_BUNDLE_IDENTIFIER = com.dormgames.simpleweather;
				PRODUCT_NAME = "$(TARGET_NAME)";
				PROVISIONING_PROFILE = "ad3b84a2-74a7-4202-8bcd-9a08fe4c72b9";
			};
			name = Release;
		};
/* End XCBuildConfiguration section */

/* Begin XCConfigurationList section */
		C2B786B81C44A4130077DFDE /* Build configuration list for PBXProject "WeatherApp" */ = {
			isa = XCConfigurationList;
			buildConfigurations = (
				C2B786D11C44A4130077DFDE /* Debug */,
				C2B786D21C44A4130077DFDE /* Release */,
			);
			defaultConfigurationIsVisible = 0;
			defaultConfigurationName = Release;
		};
		C2B786D31C44A4130077DFDE /* Build configuration list for PBXNativeTarget "WeatherApp" */ = {
			isa = XCConfigurationList;
			buildConfigurations = (
				C2B786D41C44A4130077DFDE /* Debug */,
				C2B786D51C44A4130077DFDE /* Release */,
			);
			defaultConfigurationIsVisible = 0;
			defaultConfigurationName = Release;
		};
/* End XCConfigurationList section */
	};
	rootObject = C2B786B51C44A4130077DFDE /* Project object */;
}
